
Microsoft Visual Studio Solution File, Format Version 12.00
# Visual Studio Version 17
VisualStudioVersion = 17.7.34202.233
MinimumVisualStudioVersion = 10.0.40219.1
Project("{FAE04EC0-301F-11D3-BF4B-00C04F79EFBC}") = "Oat_Atividade_1a12_POO", "Oat_Atividade_1a12\Oat_Atividade_1a12_POO.csproj", "{D3F89B7C-0DDF-42E2-A869-234CCA497847}"
EndProject
Global
	GlobalSection(SolutionConfigurationPlatforms) = preSolution
		Debug|Any CPU = Debug|Any CPU
		Release|Any CPU = Release|Any CPU
	EndGlobalSection
	GlobalSection(ProjectConfigurationPlatforms) = postSolution
		{D3F89B7C-0DDF-42E2-A869-234CCA497847}.Debug|Any CPU.ActiveCfg = Debug|Any CPU
		{D3F89B7C-0DDF-42E2-A869-234CCA497847}.Debug|Any CPU.Build.0 = Debug|Any CPU
		{D3F89B7C-0DDF-42E2-A869-234CCA497847}.Release|Any CPU.ActiveCfg = Release|Any CPU
		{D3F89B7C-0DDF-42E2-A869-234CCA497847}.Release|Any CPU.Build.0 = Release|Any CPU
	EndGlobalSection
	GlobalSection(SolutionProperties) = preSolution
		HideSolutionNode = FALSE
	EndGlobalSection
	GlobalSection(ExtensibilityGlobals) = postSolution
		SolutionGuid = {3E247EDB-E100-48E2-BA74-D9074155A756}
	EndGlobalSection
EndGlobal
